{
  "originHash" : "6d69c295a8428fa60fc0610e4a3ab5533c1e1ee5be061ebf17c55a7f0215629b",
  "pins" : [
    {
      "identity" : "emojikit",
      "kind" : "remoteSourceControl",
      "location" : "https://github.com/danielsaidi/EmojiKit.git",
      "state" : {
        "revision" : "e615f635e0b45f852c37b3f7a42e17a2ce1857a9",
        "version" : "2.5.0"
      }
    },
    {
      "identity" : "networkimage",
      "kind" : "remoteSourceControl",
      "location" : "https://github.com/gonzalezreal/NetworkImage",
      "state" : {
        "revision" : "2849f5323265386e200484b0d0f896e73c3411b9",
        "version" : "6.0.1"
      }
    },
    {
      "identity" : "swift-cmark",
      "kind" : "remoteSourceControl",
      "location" : "https://github.com/swiftlang/swift-cmark",
      "state" : {
        "revision" : "924936d0427cb25a61169739a7660230bffa6ea6",
        "version" : "0.8.0"
      }
    },
    {
      "identity" : "swift-emoji",
      "kind" : "remoteSourceControl",
      "location" : "https://github.com/klaaspieter/swift-emoji",
      "state" : {
        "revision" : "cef202ae049dda659821523fc28e7ef94ce0b630",
        "version" : "0.1.1"
      }
    },
    {
      "identity" : "swift-markdown-ui",
      "kind" : "remoteSourceControl",
      "location" : "https://github.com/gonzalezreal/swift-markdown-ui",
      "state" : {
        "revision" : "5f613358148239d0292c0cef674a3c2314737f9e",
        "version" : "2.4.1"
      }
    },
    {
      "identity" : "swiftemojipicker",
      "kind" : "remoteSourceControl",
      "location" : "https://github.com/sergius-la/SwiftEmojiPicker",
      "state" : {
        "revision" : "c1091a476d98a26ff4ee11eaeba3fe742e88d672",
        "version" : "2.2.1"
      }
    }
  ],
  "version" : 3
}
