{
  "originHash" : "ba188fee7c2ea2acf14a648269ba66f34963f3a6924f18632d92821cde633d6c",
  "pins" : [
    {
      "identity" : "emojikit",
      "kind" : "remoteSourceControl",
      "location" : "https://github.com/danielsaidi/EmojiKit.git",
      "state" : {
        "revision" : "e615f635e0b45f852c37b3f7a42e17a2ce1857a9",
        "version" : "2.5.0"
      }
    },
    {
      "identity" : "swift-cmark",
      "kind" : "remoteSourceControl",
      "location" : "https://github.com/swiftlang/swift-cmark",
      "state" : {
        "revision" : "924936d0427cb25a61169739a7660230bffa6ea6",
        "version" : "0.8.0"
      }
    },
    {
      "identity" : "swift-emoji",
      "kind" : "remoteSourceControl",
      "location" : "https://github.com/klaaspieter/swift-emoji",
      "state" : {
        "revision" : "cef202ae049dda659821523fc28e7ef94ce0b630",
        "version" : "0.1.1"
      }
    },
    {
      "identity" : "swift-markdown",
      "kind" : "remoteSourceControl",
      "location" : "https://github.com/swiftlang/swift-markdown.git",
      "state" : {
        "revision" : "3c6f9523da3a1ec2fd829673e472d95b8097a3b8",
        "version" : "0.8.0"
      }
    },
    {
      "identity" : "swift-markdown-ui",
      "kind" : "remoteSourceControl",
      "location" : "https://github.com/1amageek/swift-markdown-ui.git",
      "state" : {
        "revision" : "3e3fcae635f8ca86edaffa70c0f3b7799dae0c6d",
        "version" : "0.2.1"
      }
    },
    {
      "identity" : "swiftemojipicker",
      "kind" : "remoteSourceControl",
      "location" : "https://github.com/sergius-la/SwiftEmojiPicker",
      "state" : {
        "revision" : "c1091a476d98a26ff4ee11eaeba3fe742e88d672",
        "version" : "2.2.1"
      }
    }
  ],
  "version" : 3
}
