// !$*UTF8*$!
{
	archiveVersion = 1;
	classes = {
	};
	objectVersion = 77;
	objects = {

/* Begin PBXBuildFile section */
		A10000000000000000000001 /* AntimatterApp.swift in Sources */ = {isa = PBXBuildFile; fileRef = A20000000000000000000001 /* AntimatterApp.swift */; };
		A10000000000000000000002 /* WorkspaceShell.swift in Sources */ = {isa = PBXBuildFile; fileRef = A20000000000000000000002 /* WorkspaceShell.swift */; };
		A10000000000000000000003 /* WorkspaceTheme.swift in Sources */ = {isa = PBXBuildFile; fileRef = A20000000000000000000003 /* WorkspaceTheme.swift */; };
		A10000000000000000000004 /* AppConfiguration.swift in Sources */ = {isa = PBXBuildFile; fileRef = A20000000000000000000004 /* AppConfiguration.swift */; };
		A10000000000000000000005 /* AppLogger.swift in Sources */ = {isa = PBXBuildFile; fileRef = A20000000000000000000005 /* AppLogger.swift */; };
		A10000000000000000000006 /* SecureValueStore.swift in Sources */ = {isa = PBXBuildFile; fileRef = A20000000000000000000006 /* SecureValueStore.swift */; };
		A10000000000000000000013 /* WorkspaceTabs.swift in Sources */ = {isa = PBXBuildFile; fileRef = A20000000000000000000015 /* WorkspaceTabs.swift */; };
		A10000000000000000000014 /* WorkspaceViewModel.swift in Sources */ = {isa = PBXBuildFile; fileRef = A20000000000000000000016 /* WorkspaceViewModel.swift */; };
		A10000000000000000000019 /* MattermostLocalStore.swift in Sources */ = {isa = PBXBuildFile; fileRef = A20000000000000000000021 /* MattermostLocalStore.swift */; };
		A10000000000000000000020 /* TimelineViewModel.swift in Sources */ = {isa = PBXBuildFile; fileRef = A20000000000000000000022 /* TimelineViewModel.swift */; };
		A10000000000000000000021 /* MessageTimeline.swift in Sources */ = {isa = PBXBuildFile; fileRef = A20000000000000000000023 /* MessageTimeline.swift */; };
		A10000000000000000000022 /* MattermostTimeline.swift in Sources */ = {isa = PBXBuildFile; fileRef = A20000000000000000000024 /* MattermostTimeline.swift */; };
		A10000000000000000000023 /* RichMessageContent.swift in Sources */ = {isa = PBXBuildFile; fileRef = A20000000000000000000025 /* RichMessageContent.swift */; };
		A10000000000000000000024 /* MarkdownUI in Frameworks */ = {isa = PBXBuildFile; productRef = A20000000000000000000026 /* MarkdownUI */; };
		A10000000000000000000025 /* RealtimeUpdatesViewModel.swift in Sources */ = {isa = PBXBuildFile; fileRef = A20000000000000000000028 /* RealtimeUpdatesViewModel.swift */; };
		A10000000000000000000026 /* MattermostReactions.swift in Sources */ = {isa = PBXBuildFile; fileRef = A20000000000000000000029 /* MattermostReactions.swift */; };
		A10000000000000000000027 /* ComposerViewModel.swift in Sources */ = {isa = PBXBuildFile; fileRef = A20000000000000000000030 /* ComposerViewModel.swift */; };
		A10000000000000000000028 /* MessageComposer.swift in Sources */ = {isa = PBXBuildFile; fileRef = A20000000000000000000031 /* MessageComposer.swift */; };
		A10000000000000000000029 /* MattermostComposer.swift in Sources */ = {isa = PBXBuildFile; fileRef = A20000000000000000000032 /* MattermostComposer.swift */; };
		A10000000000000000000030 /* PresenceViewModel.swift in Sources */ = {isa = PBXBuildFile; fileRef = A20000000000000000000033 /* PresenceViewModel.swift */; };
		A10000000000000000000031 /* SearchViewModel.swift in Sources */ = {isa = PBXBuildFile; fileRef = A20000000000000000000034 /* SearchViewModel.swift */; };
		A10000000000000000000032 /* SearchPanel.swift in Sources */ = {isa = PBXBuildFile; fileRef = A20000000000000000000035 /* SearchPanel.swift */; };
		A10000000000000000000033 /* MattermostSearch.swift in Sources */ = {isa = PBXBuildFile; fileRef = A20000000000000000000036 /* MattermostSearch.swift */; };
		A10000000000000000000007 /* libAntimatterFoundation.a in Frameworks */ = {isa = PBXBuildFile; fileRef = A20000000000000000000008 /* libAntimatterFoundation.a */; };
		AC7AC2523048C65F00B4461D /* ChannelSection.swift in Sources */ = {isa = PBXBuildFile; fileRef = AC7AC24F3048C65F00B4461D /* ChannelSection.swift */; };
		AC7AC2533048C65F00B4461D /* AuthenticationScreen.swift in Sources */ = {isa = PBXBuildFile; fileRef = AC7AC24D3048C65F00B4461D /* AuthenticationScreen.swift */; };
		AC7AC2543048C65F00B4461D /* WorkspaceCommands.swift in Sources */ = {isa = PBXBuildFile; fileRef = AC7AC2513048C65F00B4461D /* WorkspaceCommands.swift */; };
		AC7AC2553048C65F00B4461D /* AuthenticationViewModel.swift in Sources */ = {isa = PBXBuildFile; fileRef = AC7AC24E3048C65F00B4461D /* AuthenticationViewModel.swift */; };
		AC7AC2563048C65F00B4461D /* NavigationViewModel.swift in Sources */ = {isa = PBXBuildFile; fileRef = AC7AC2503048C65F00B4461D /* NavigationViewModel.swift */; };
		AC7AC25B3048C66C00B4461D /* MattermostAPIClient.swift in Sources */ = {isa = PBXBuildFile; fileRef = AC7AC2573048C66C00B4461D /* MattermostAPIClient.swift */; };
		AC7AC25C3048C66C00B4461D /* MattermostWebSocket.swift in Sources */ = {isa = PBXBuildFile; fileRef = AC7AC25A3048C66C00B4461D /* MattermostWebSocket.swift */; };
		AC7AC25D3048C66C00B4461D /* MattermostNavigation.swift in Sources */ = {isa = PBXBuildFile; fileRef = AC7AC2593048C66C00B4461D /* MattermostNavigation.swift */; };
		AC7AC25E3048C66C00B4461D /* MattermostAuthentication.swift in Sources */ = {isa = PBXBuildFile; fileRef = AC7AC2583048C66C00B4461D /* MattermostAuthentication.swift */; };
/* End PBXBuildFile section */

/* Begin PBXContainerItemProxy section */
		AA00000000000000000000001 /* PBXContainerItemProxy */ = {
			isa = PBXContainerItemProxy;
			containerPortal = A90000000000000000000001 /* Project object */;
			proxyType = 1;
			remoteGlobalIDString = A50000000000000000000002;
			remoteInfo = AntimatterFoundation;
		};
/* End PBXContainerItemProxy section */

/* Begin PBXFileReference section */
		A20000000000000000000001 /* AntimatterApp.swift */ = {isa = PBXFileReference; lastKnownFileType = sourcecode.swift; path = AntimatterApp.swift; sourceTree = "<group>"; };
		A20000000000000000000002 /* WorkspaceShell.swift */ = {isa = PBXFileReference; lastKnownFileType = sourcecode.swift; path = WorkspaceShell.swift; sourceTree = "<group>"; };
		A20000000000000000000003 /* WorkspaceTheme.swift */ = {isa = PBXFileReference; lastKnownFileType = sourcecode.swift; path = WorkspaceTheme.swift; sourceTree = "<group>"; };
		A20000000000000000000004 /* AppConfiguration.swift */ = {isa = PBXFileReference; lastKnownFileType = sourcecode.swift; path = AppConfiguration.swift; sourceTree = "<group>"; };
		A20000000000000000000005 /* AppLogger.swift */ = {isa = PBXFileReference; lastKnownFileType = sourcecode.swift; path = AppLogger.swift; sourceTree = "<group>"; };
		A20000000000000000000006 /* SecureValueStore.swift */ = {isa = PBXFileReference; lastKnownFileType = sourcecode.swift; path = SecureValueStore.swift; sourceTree = "<group>"; };
		A20000000000000000000015 /* WorkspaceTabs.swift */ = {isa = PBXFileReference; lastKnownFileType = sourcecode.swift; path = WorkspaceTabs.swift; sourceTree = "<group>"; };
		A20000000000000000000016 /* WorkspaceViewModel.swift */ = {isa = PBXFileReference; lastKnownFileType = sourcecode.swift; path = WorkspaceViewModel.swift; sourceTree = "<group>"; };
		A20000000000000000000021 /* MattermostLocalStore.swift */ = {isa = PBXFileReference; lastKnownFileType = sourcecode.swift; path = MattermostLocalStore.swift; sourceTree = "<group>"; };
		A20000000000000000000022 /* TimelineViewModel.swift */ = {isa = PBXFileReference; lastKnownFileType = sourcecode.swift; path = TimelineViewModel.swift; sourceTree = "<group>"; };
		A20000000000000000000023 /* MessageTimeline.swift */ = {isa = PBXFileReference; lastKnownFileType = sourcecode.swift; path = MessageTimeline.swift; sourceTree = "<group>"; };
		A20000000000000000000024 /* MattermostTimeline.swift */ = {isa = PBXFileReference; lastKnownFileType = sourcecode.swift; path = MattermostTimeline.swift; sourceTree = "<group>"; };
		A20000000000000000000025 /* RichMessageContent.swift */ = {isa = PBXFileReference; lastKnownFileType = sourcecode.swift; path = RichMessageContent.swift; sourceTree = "<group>"; };
		A20000000000000000000028 /* RealtimeUpdatesViewModel.swift */ = {isa = PBXFileReference; lastKnownFileType = sourcecode.swift; path = RealtimeUpdatesViewModel.swift; sourceTree = "<group>"; };
		A20000000000000000000029 /* MattermostReactions.swift */ = {isa = PBXFileReference; lastKnownFileType = sourcecode.swift; path = MattermostReactions.swift; sourceTree = "<group>"; };
		A20000000000000000000030 /* ComposerViewModel.swift */ = {isa = PBXFileReference; lastKnownFileType = sourcecode.swift; path = ComposerViewModel.swift; sourceTree = "<group>"; };
		A20000000000000000000031 /* MessageComposer.swift */ = {isa = PBXFileReference; lastKnownFileType = sourcecode.swift; path = MessageComposer.swift; sourceTree = "<group>"; };
		A20000000000000000000032 /* MattermostComposer.swift */ = {isa = PBXFileReference; lastKnownFileType = sourcecode.swift; path = MattermostComposer.swift; sourceTree = "<group>"; };
		A20000000000000000000033 /* PresenceViewModel.swift */ = {isa = PBXFileReference; lastKnownFileType = sourcecode.swift; path = PresenceViewModel.swift; sourceTree = "<group>"; };
		A20000000000000000000034 /* SearchViewModel.swift */ = {isa = PBXFileReference; lastKnownFileType = sourcecode.swift; path = SearchViewModel.swift; sourceTree = "<group>"; };
		A20000000000000000000035 /* SearchPanel.swift */ = {isa = PBXFileReference; lastKnownFileType = sourcecode.swift; path = SearchPanel.swift; sourceTree = "<group>"; };
		A20000000000000000000036 /* MattermostSearch.swift */ = {isa = PBXFileReference; lastKnownFileType = sourcecode.swift; path = MattermostSearch.swift; sourceTree = "<group>"; };
		A20000000000000000000007 /* Info.plist */ = {isa = PBXFileReference; lastKnownFileType = text.plist.xml; path = Info.plist; sourceTree = "<group>"; };
		A20000000000000000000008 /* libAntimatterFoundation.a */ = {isa = PBXFileReference; explicitFileType = archive.ar; includeInIndex = 0; path = libAntimatterFoundation.a; sourceTree = BUILT_PRODUCTS_DIR; };
		A20000000000000000000009 /* Antimatter.app */ = {isa = PBXFileReference; explicitFileType = wrapper.application; includeInIndex = 0; path = Antimatter.app; sourceTree = BUILT_PRODUCTS_DIR; };
		AC7AC24D3048C65F00B4461D /* AuthenticationScreen.swift */ = {isa = PBXFileReference; lastKnownFileType = sourcecode.swift; path = AuthenticationScreen.swift; sourceTree = "<group>"; };
		AC7AC24E3048C65F00B4461D /* AuthenticationViewModel.swift */ = {isa = PBXFileReference; lastKnownFileType = sourcecode.swift; path = AuthenticationViewModel.swift; sourceTree = "<group>"; };
		AC7AC24F3048C65F00B4461D /* ChannelSection.swift */ = {isa = PBXFileReference; lastKnownFileType = sourcecode.swift; path = ChannelSection.swift; sourceTree = "<group>"; };
		AC7AC2503048C65F00B4461D /* NavigationViewModel.swift */ = {isa = PBXFileReference; lastKnownFileType = sourcecode.swift; path = NavigationViewModel.swift; sourceTree = "<group>"; };
		AC7AC2513048C65F00B4461D /* WorkspaceCommands.swift */ = {isa = PBXFileReference; lastKnownFileType = sourcecode.swift; path = WorkspaceCommands.swift; sourceTree = "<group>"; };
		AC7AC2573048C66C00B4461D /* MattermostAPIClient.swift */ = {isa = PBXFileReference; lastKnownFileType = sourcecode.swift; path = MattermostAPIClient.swift; sourceTree = "<group>"; };
		AC7AC2583048C66C00B4461D /* MattermostAuthentication.swift */ = {isa = PBXFileReference; lastKnownFileType = sourcecode.swift; path = MattermostAuthentication.swift; sourceTree = "<group>"; };
		AC7AC2593048C66C00B4461D /* MattermostNavigation.swift */ = {isa = PBXFileReference; lastKnownFileType = sourcecode.swift; path = MattermostNavigation.swift; sourceTree = "<group>"; };
		AC7AC25A3048C66C00B4461D /* MattermostWebSocket.swift */ = {isa = PBXFileReference; lastKnownFileType = sourcecode.swift; path = MattermostWebSocket.swift; sourceTree = "<group>"; };
/* End PBXFileReference section */

/* Begin PBXFrameworksBuildPhase section */
		A30000000000000000000001 /* Frameworks */ = {
			isa = PBXFrameworksBuildPhase;
			buildActionMask = 2147483647;
			files = (
				A10000000000000000000007 /* libAntimatterFoundation.a in Frameworks */,
				A10000000000000000000024 /* MarkdownUI in Frameworks */,
			);
			runOnlyForDeploymentPostprocessing = 0;
		};
/* End PBXFrameworksBuildPhase section */

/* Begin PBXGroup section */
		A40000000000000000000001 = {
			isa = PBXGroup;
			children = (
				A40000000000000000000002 /* Sources/AntimatterApp */,
				A40000000000000000000003 /* Sources/AntimatterFoundation */,
				A40000000000000000000004 /* Xcode/Antimatter */,
				A40000000000000000000005 /* Products */,
			);
			sourceTree = "<group>";
		};
		A40000000000000000000002 /* Sources/AntimatterApp */ = {
			isa = PBXGroup;
			children = (
				AC7AC24D3048C65F00B4461D /* AuthenticationScreen.swift */,
				AC7AC24E3048C65F00B4461D /* AuthenticationViewModel.swift */,
				AC7AC24F3048C65F00B4461D /* ChannelSection.swift */,
				AC7AC2503048C65F00B4461D /* NavigationViewModel.swift */,
				AC7AC2513048C65F00B4461D /* WorkspaceCommands.swift */,
				A20000000000000000000001 /* AntimatterApp.swift */,
				A20000000000000000000002 /* WorkspaceShell.swift */,
				A20000000000000000000003 /* WorkspaceTheme.swift */,
				A20000000000000000000015 /* WorkspaceTabs.swift */,
				A20000000000000000000016 /* WorkspaceViewModel.swift */,
				A20000000000000000000022 /* TimelineViewModel.swift */,
				A20000000000000000000023 /* MessageTimeline.swift */,
				A20000000000000000000025 /* RichMessageContent.swift */,
				A20000000000000000000028 /* RealtimeUpdatesViewModel.swift */,
				A20000000000000000000030 /* ComposerViewModel.swift */,
				A20000000000000000000031 /* MessageComposer.swift */,
				A20000000000000000000033 /* PresenceViewModel.swift */,
				A20000000000000000000034 /* SearchViewModel.swift */,
				A20000000000000000000035 /* SearchPanel.swift */,
			);
			path = Sources/AntimatterApp;
			sourceTree = SOURCE_ROOT;
		};
		A40000000000000000000003 /* Sources/AntimatterFoundation */ = {
			isa = PBXGroup;
			children = (
				AC7AC2573048C66C00B4461D /* MattermostAPIClient.swift */,
				AC7AC2583048C66C00B4461D /* MattermostAuthentication.swift */,
				AC7AC2593048C66C00B4461D /* MattermostNavigation.swift */,
				AC7AC25A3048C66C00B4461D /* MattermostWebSocket.swift */,
				A20000000000000000000004 /* AppConfiguration.swift */,
				A20000000000000000000005 /* AppLogger.swift */,
				A20000000000000000000006 /* SecureValueStore.swift */,
				A20000000000000000000021 /* MattermostLocalStore.swift */,
				A20000000000000000000029 /* MattermostReactions.swift */,
				A20000000000000000000032 /* MattermostComposer.swift */,
				A20000000000000000000036 /* MattermostSearch.swift */,
				A20000000000000000000024 /* MattermostTimeline.swift */,
			);
			path = Sources/AntimatterFoundation;
			sourceTree = SOURCE_ROOT;
		};
		A40000000000000000000004 /* Xcode/Antimatter */ = {
			isa = PBXGroup;
			children = (
				A20000000000000000000007 /* Info.plist */,
			);
			path = Xcode/Antimatter;
			sourceTree = SOURCE_ROOT;
		};
		A40000000000000000000005 /* Products */ = {
			isa = PBXGroup;
			children = (
				A20000000000000000000009 /* Antimatter.app */,
				A20000000000000000000008 /* libAntimatterFoundation.a */,
			);
			name = Products;
			sourceTree = "<group>";
		};
/* End PBXGroup section */

/* Begin PBXNativeTarget section */
		A50000000000000000000001 /* Antimatter */ = {
			isa = PBXNativeTarget;
			buildConfigurationList = A60000000000000000000001 /* Build configuration list for PBXNativeTarget "Antimatter" */;
			buildPhases = (
				A30000000000000000000001 /* Frameworks */,
				A70000000000000000000001 /* Sources */,
			);
			buildRules = (
			);
			dependencies = (
				A80000000000000000000001 /* PBXTargetDependency */,
			);
			packageProductDependencies = (
				A20000000000000000000026 /* MarkdownUI */,
			);
			name = Antimatter;
			productName = Antimatter;
			productReference = A20000000000000000000009 /* Antimatter.app */;
			productType = "com.apple.product-type.application";
		};
		A50000000000000000000002 /* AntimatterFoundation */ = {
			isa = PBXNativeTarget;
			buildConfigurationList = A60000000000000000000002 /* Build configuration list for PBXNativeTarget "AntimatterFoundation" */;
			buildPhases = (
				A70000000000000000000002 /* Sources */,
			);
			buildRules = (
			);
			dependencies = (
			);
			name = AntimatterFoundation;
			productName = AntimatterFoundation;
			productReference = A20000000000000000000008 /* libAntimatterFoundation.a */;
			productType = "com.apple.product-type.library.static";
		};
/* End PBXNativeTarget section */

/* Begin PBXProject section */
		A90000000000000000000001 /* Project object */ = {
			isa = PBXProject;
			attributes = {
				BuildIndependentTargetsInParallel = 1;
				LastSwiftUpdateCheck = 2600;
				LastUpgradeCheck = 2600;
				TargetAttributes = {
					A50000000000000000000001 = {
						CreatedOnToolsVersion = 26.0;
					};
					A50000000000000000000002 = {
						CreatedOnToolsVersion = 26.0;
					};
				};
			};
			buildConfigurationList = A60000000000000000000003 /* Build configuration list for PBXProject "Antimatter" */;
			developmentRegion = en;
			hasScannedForEncodings = 0;
			knownRegions = (
				en,
				Base,
			);
			mainGroup = A40000000000000000000001;
			preferredProjectObjectVersion = 77;
			productRefGroup = A40000000000000000000005 /* Products */;
			packageReferences = (
				A20000000000000000000027 /* XCRemoteSwiftPackageReference "swift-markdown-ui" */,
			);
			projectDirPath = "";
			projectRoot = "";
			targets = (
				A50000000000000000000001 /* Antimatter */,
				A50000000000000000000002 /* AntimatterFoundation */,
			);
		};
/* End PBXProject section */

/* Begin PBXSourcesBuildPhase section */
		A70000000000000000000001 /* Sources */ = {
			isa = PBXSourcesBuildPhase;
			buildActionMask = 2147483647;
			files = (
				A10000000000000000000001 /* AntimatterApp.swift in Sources */,
				AC7AC2523048C65F00B4461D /* ChannelSection.swift in Sources */,
				AC7AC2533048C65F00B4461D /* AuthenticationScreen.swift in Sources */,
				AC7AC2543048C65F00B4461D /* WorkspaceCommands.swift in Sources */,
				AC7AC2553048C65F00B4461D /* AuthenticationViewModel.swift in Sources */,
				AC7AC2563048C65F00B4461D /* NavigationViewModel.swift in Sources */,
				A10000000000000000000002 /* WorkspaceShell.swift in Sources */,
				A10000000000000000000003 /* WorkspaceTheme.swift in Sources */,
				A10000000000000000000013 /* WorkspaceTabs.swift in Sources */,
				A10000000000000000000014 /* WorkspaceViewModel.swift in Sources */,
				A10000000000000000000020 /* TimelineViewModel.swift in Sources */,
				A10000000000000000000021 /* MessageTimeline.swift in Sources */,
				A10000000000000000000023 /* RichMessageContent.swift in Sources */,
				A10000000000000000000025 /* RealtimeUpdatesViewModel.swift in Sources */,
				A10000000000000000000027 /* ComposerViewModel.swift in Sources */,
				A10000000000000000000028 /* MessageComposer.swift in Sources */,
				A10000000000000000000030 /* PresenceViewModel.swift in Sources */,
				A10000000000000000000031 /* SearchViewModel.swift in Sources */,
				A10000000000000000000032 /* SearchPanel.swift in Sources */,
			);
			runOnlyForDeploymentPostprocessing = 0;
		};
		A70000000000000000000002 /* Sources */ = {
			isa = PBXSourcesBuildPhase;
			buildActionMask = 2147483647;
			files = (
				A10000000000000000000004 /* AppConfiguration.swift in Sources */,
				A10000000000000000000005 /* AppLogger.swift in Sources */,
				AC7AC25B3048C66C00B4461D /* MattermostAPIClient.swift in Sources */,
				AC7AC25C3048C66C00B4461D /* MattermostWebSocket.swift in Sources */,
				AC7AC25D3048C66C00B4461D /* MattermostNavigation.swift in Sources */,
				AC7AC25E3048C66C00B4461D /* MattermostAuthentication.swift in Sources */,
				A10000000000000000000006 /* SecureValueStore.swift in Sources */,
				A10000000000000000000019 /* MattermostLocalStore.swift in Sources */,
				A10000000000000000000026 /* MattermostReactions.swift in Sources */,
				A10000000000000000000029 /* MattermostComposer.swift in Sources */,
				A10000000000000000000033 /* MattermostSearch.swift in Sources */,
				A10000000000000000000022 /* MattermostTimeline.swift in Sources */,
			);
			runOnlyForDeploymentPostprocessing = 0;
		};
/* End PBXSourcesBuildPhase section */

/* Begin XCSwiftPackageProductDependency section */
			A20000000000000000000026 /* MarkdownUI */ = {
				isa = XCSwiftPackageProductDependency;
				package = A20000000000000000000027 /* XCRemoteSwiftPackageReference "swift-markdown-ui" */;
				productName = MarkdownUI;
			};
/* End XCSwiftPackageProductDependency section */

/* Begin XCRemoteSwiftPackageReference section */
			A20000000000000000000027 /* XCRemoteSwiftPackageReference "swift-markdown-ui" */ = {
				isa = XCRemoteSwiftPackageReference;
				repositoryURL = "https://github.com/gonzalezreal/swift-markdown-ui";
				requirement = {
					kind = upToNextMajorVersion;
					minimumVersion = 2.4.1;
				};
			};
/* End XCRemoteSwiftPackageReference section */

/* Begin PBXTargetDependency section */
		A80000000000000000000001 /* PBXTargetDependency */ = {
			isa = PBXTargetDependency;
			target = A50000000000000000000002 /* AntimatterFoundation */;
			targetProxy = AA00000000000000000000001 /* PBXContainerItemProxy */;
		};
/* End PBXTargetDependency section */

/* Begin XCBuildConfiguration section */
		AB00000000000000000000001 /* Debug */ = {
			isa = XCBuildConfiguration;
			buildSettings = {
				CLANG_ENABLE_MODULES = YES;
				CODE_SIGN_STYLE = Automatic;
				CURRENT_PROJECT_VERSION = 1;
				DEVELOPMENT_TEAM = "";
				ENABLE_HARDENED_RUNTIME = YES;
				INFOPLIST_FILE = Xcode/Antimatter/Info.plist;
				MACOSX_DEPLOYMENT_TARGET = 14.0;
				MARKETING_VERSION = 0.4.0;
				PRODUCT_BUNDLE_IDENTIFIER = antimatter.ericschmar.dev;
				PRODUCT_NAME = "$(TARGET_NAME)";
				SDKROOT = macosx;
				SWIFT_VERSION = 6.0;
			};
			name = Debug;
		};
		AB00000000000000000000002 /* Release */ = {
			isa = XCBuildConfiguration;
			buildSettings = {
				CLANG_ENABLE_MODULES = YES;
				CODE_SIGN_STYLE = Automatic;
				CURRENT_PROJECT_VERSION = 1;
				DEVELOPMENT_TEAM = "";
				ENABLE_HARDENED_RUNTIME = YES;
				INFOPLIST_FILE = Xcode/Antimatter/Info.plist;
				MACOSX_DEPLOYMENT_TARGET = 14.0;
				MARKETING_VERSION = 0.4.0;
				PRODUCT_BUNDLE_IDENTIFIER = antimatter.ericschmar.dev;
				PRODUCT_NAME = "$(TARGET_NAME)";
				SDKROOT = macosx;
				SWIFT_COMPILATION_MODE = wholemodule;
				SWIFT_VERSION = 6.0;
			};
			name = Release;
		};
		AB00000000000000000000003 /* Debug */ = {
			isa = XCBuildConfiguration;
			buildSettings = {
				MACOSX_DEPLOYMENT_TARGET = 14.0;
				SDKROOT = macosx;
			};
			name = Debug;
		};
		AB00000000000000000000004 /* Release */ = {
			isa = XCBuildConfiguration;
			buildSettings = {
				MACOSX_DEPLOYMENT_TARGET = 14.0;
				SDKROOT = macosx;
			};
			name = Release;
		};
		AB00000000000000000000005 /* Debug */ = {
			isa = XCBuildConfiguration;
			buildSettings = {
				CLANG_ENABLE_MODULES = YES;
				MACOSX_DEPLOYMENT_TARGET = 14.0;
				PRODUCT_NAME = "$(TARGET_NAME)";
				SDKROOT = macosx;
				SWIFT_VERSION = 6.0;
			};
			name = Debug;
		};
		AB00000000000000000000006 /* Release */ = {
			isa = XCBuildConfiguration;
			buildSettings = {
				CLANG_ENABLE_MODULES = YES;
				MACOSX_DEPLOYMENT_TARGET = 14.0;
				PRODUCT_NAME = "$(TARGET_NAME)";
				SDKROOT = macosx;
				SWIFT_COMPILATION_MODE = wholemodule;
				SWIFT_VERSION = 6.0;
			};
			name = Release;
		};
/* End XCBuildConfiguration section */

/* Begin XCConfigurationList section */
		A60000000000000000000001 /* Build configuration list for PBXNativeTarget "Antimatter" */ = {
			isa = XCConfigurationList;
			buildConfigurations = (
				AB00000000000000000000001 /* Debug */,
				AB00000000000000000000002 /* Release */,
			);
			defaultConfigurationIsVisible = 0;
			defaultConfigurationName = Release;
		};
		A60000000000000000000002 /* Build configuration list for PBXNativeTarget "AntimatterFoundation" */ = {
			isa = XCConfigurationList;
			buildConfigurations = (
				AB00000000000000000000005 /* Debug */,
				AB00000000000000000000006 /* Release */,
			);
			defaultConfigurationIsVisible = 0;
			defaultConfigurationName = Release;
		};
		A60000000000000000000003 /* Build configuration list for PBXProject "Antimatter" */ = {
			isa = XCConfigurationList;
			buildConfigurations = (
				AB00000000000000000000003 /* Debug */,
				AB00000000000000000000004 /* Release */,
			);
			defaultConfigurationIsVisible = 0;
			defaultConfigurationName = Release;
		};
/* End XCConfigurationList section */
	};
	rootObject = A90000000000000000000001 /* Project object */;
}
